<?xml version="1.0" encoding="utf-8"?>
<Project ToolsVersion="4.0" xmlns="http://schemas.microsoft.com/developer/msbuild/2003">
  <ItemGroup>
    <Filter Include="Quelldateien">
      <UniqueIdentifier>{4FC737F1-C7A5-4376-A066-2A32D752A2FF}</UniqueIdentifier>
      <Extensions>cpp;c;cc;cxx;def;odl;idl;hpj;bat;asm;asmx</Extensions>
    </Filter>
    <Filter Include="Headerdateien">
      <UniqueIdentifier>{93995380-89BD-4b04-88EB-625FBE52EBFB}</UniqueIdentifier>
      <Extensions>h;hh;hpp;hxx;hm;inl;inc;ipp;xsd</Extensions>
    </Filter>
    <Filter Include="Ressourcendateien">
      <UniqueIdentifier>{67DA6AB6-F800-4c08-8B7A-83BB121AAD01}</UniqueIdentifier>
      <Extensions>rc;ico;cur;bmp;dlg;rc2;rct;bin;rgs;gif;jpg;jpeg;jpe;resx;tiff;tif;png;wav;mfcribbon-ms</Extensions>
    </Filter>
  </ItemGroup>
  <ItemGroup>
    <ClCompile Include="EscMemory.cpp">
      <Filter>Quelldateien</Filter>
    </ClCompile>
    <ClCompile Include="OSAL.cpp">
      <Filter>Quelldateien</Filter>
    </ClCompile>
    <ClCompile Include="OSALFile.cpp">
      <Filter>Quelldateien</Filter>
    </ClCompile>
    <ClCompile Include="OSALAdapterBase.cpp">
      <Filter>Quelldateien</Filter>
    </ClCompile>
    <ClCompile Include="OSALThreading.cpp">
      <Filter>Quelldateien</Filter>
    </ClCompile>
    <ClCompile Include="EscEEPROM.cpp">
      <Filter>Quelldateien</Filter>
    </ClCompile>
    <ClCompile Include="escFMMU.cpp">
      <Filter>Quelldateien</Filter>
    </ClCompile>
    <ClCompile Include="EscSM.cpp">
      <Filter>Quelldateien</Filter>
    </ClCompile>
    <ClCompile Include="EscMain.cpp">
      <Filter>Quelldateien</Filter>
    </ClCompile>
    <ClCompile Include="EscData.cpp">
      <Filter>Quelldateien</Filter>
    </ClCompile>
    <ClCompile Include="ESC.cpp">
      <Filter>Quelldateien</Filter>
    </ClCompile>
    <ClCompile Include="EthercatPDU.cpp">
      <Filter>Quelldateien</Filter>
    </ClCompile>
    <ClCompile Include="EthercatFrame.cpp">
      <Filter>Quelldateien</Filter>
    </ClCompile>
    <ClCompile Include="EthercatPDUData.cpp">
      <Filter>Quelldateien</Filter>
    </ClCompile>
    <ClCompile Include="OSALThreadWindows.cpp">
      <Filter>Quelldateien</Filter>
    </ClCompile>
    <ClCompile Include="OSALAdapterWindows.cpp">
      <Filter>Quelldateien</Filter>
    </ClCompile>
  </ItemGroup>
  <ItemGroup>
    <ClInclude Include="EscMemory.h">
      <Filter>Headerdateien</Filter>
    </ClInclude>
    <ClInclude Include="EscRegisterType.h">
      <Filter>Headerdateien</Filter>
    </ClInclude>
    <ClInclude Include="OSAL.h">
      <Filter>Headerdateien</Filter>
    </ClInclude>
    <ClInclude Include="OSALFile.h">
      <Filter>Headerdateien</Filter>
    </ClInclude>
    <ClInclude Include="OSALAdapterBase.h">
      <Filter>Headerdateien</Filter>
    </ClInclude>
    <ClInclude Include="OSALThreading.h">
      <Filter>Headerdateien</Filter>
    </ClInclude>
    <ClInclude Include="EscEEPROM.h">
      <Filter>Headerdateien</Filter>
    </ClInclude>
    <ClInclude Include="escFMMU.h">
      <Filter>Headerdateien</Filter>
    </ClInclude>
    <ClInclude Include="EscSM.h">
      <Filter>Headerdateien</Filter>
    </ClInclude>
    <ClInclude Include="EscData.h">
      <Filter>Headerdateien</Filter>
    </ClInclude>
    <ClInclude Include="ESC.h">
      <Filter>Headerdateien</Filter>
    </ClInclude>
    <ClInclude Include="EthercatPDU.h">
      <Filter>Headerdateien</Filter>
    </ClInclude>
    <ClInclude Include="EthercatFrame.h">
      <Filter>Headerdateien</Filter>
    </ClInclude>
    <ClInclude Include="EthercatPDUData.h">
      <Filter>Headerdateien</Filter>
    </ClInclude>
    <ClInclude Include="OSALThreadWindows.h">
      <Filter>Headerdateien</Filter>
    </ClInclude>
    <ClInclude Include="OSALAdapterWindows.h">
      <Filter>Headerdateien</Filter>
    </ClInclude>
    <ClInclude Include="OSALAdapter.h">
      <Filter>Headerdateien</Filter>
    </ClInclude>
  </ItemGroup>
</Project>