<?xml version="1.0" encoding="utf-8"?>
<Project ToolsVersion="4.0" xmlns="http://schemas.microsoft.com/developer/msbuild/2003">
  <ItemGroup>
    <ClCompile Include="..\..\ESC\ESC.cpp">
      <Filter>Quelldateien</Filter>
    </ClCompile>
    <ClCompile Include="..\..\ESC\EscData.cpp">
      <Filter>Quelldateien</Filter>
    </ClCompile>
    <ClCompile Include="..\..\ESC\EscEEPROM.cpp">
      <Filter>Quelldateien</Filter>
    </ClCompile>
    <ClCompile Include="..\..\ESC\escFMMU.cpp">
      <Filter>Quelldateien</Filter>
    </ClCompile>
    <ClCompile Include="..\..\ESC\EscMain.cpp">
      <Filter>Quelldateien</Filter>
    </ClCompile>
    <ClCompile Include="..\..\ESC\EscMemory.cpp">
      <Filter>Quelldateien</Filter>
    </ClCompile>
    <ClCompile Include="..\..\ESC\EscSM.cpp">
      <Filter>Quelldateien</Filter>
    </ClCompile>
    <ClCompile Include="..\..\ESC\EthercatFrame.cpp">
      <Filter>Quelldateien</Filter>
    </ClCompile>
    <ClCompile Include="..\..\ESC\EthercatPDU.cpp">
      <Filter>Quelldateien</Filter>
    </ClCompile>
    <ClCompile Include="..\..\ESC\EthercatPDUData.cpp">
      <Filter>Quelldateien</Filter>
    </ClCompile>
    <ClCompile Include="..\..\ESC\OSALAdapterBase.cpp">
      <Filter>Quelldateien</Filter>
    </ClCompile>
    <ClCompile Include="..\..\ESC\OSALThreadBase.cpp">
      <Filter>Quelldateien</Filter>
    </ClCompile>
    <ClCompile Include="OSALAdapterLinux.cpp" />
    <ClCompile Include="OSALThread.cpp" />
    <ClCompile Include="OSALThreadLinux.cpp" />
    <ClCompile Include="OSALCriticalSectionBase.cpp" />
    <ClCompile Include="OSALCriticalSectionLinux.cpp" />
    <ClCompile Include="EscManager.cpp" />
    <ClCompile Include="..\..\ESC\OSALFileBase.cpp" />
    <ClCompile Include="OSALFileLinux.cpp" />
  </ItemGroup>
  <ItemGroup>
    <Filter Include="HeaderDateien">
      <UniqueIdentifier>{f1943730-c213-4ebf-9c39-22de3f16213c}</UniqueIdentifier>
    </Filter>
    <Filter Include="Quelldateien">
      <UniqueIdentifier>{3dcbd45a-f382-4104-aa22-79be0f81ab0e}</UniqueIdentifier>
    </Filter>
  </ItemGroup>
  <ItemGroup>
    <ClInclude Include="..\..\ESC\ESC.h">
      <Filter>HeaderDateien</Filter>
    </ClInclude>
    <ClInclude Include="..\..\ESC\EscData.h">
      <Filter>HeaderDateien</Filter>
    </ClInclude>
    <ClInclude Include="..\..\ESC\EscEEPROM.h">
      <Filter>HeaderDateien</Filter>
    </ClInclude>
    <ClInclude Include="..\..\ESC\escFMMU.h">
      <Filter>HeaderDateien</Filter>
    </ClInclude>
    <ClInclude Include="..\..\ESC\EscMemory.h">
      <Filter>HeaderDateien</Filter>
    </ClInclude>
    <ClInclude Include="..\..\ESC\EscSM.h">
      <Filter>HeaderDateien</Filter>
    </ClInclude>
    <ClInclude Include="..\..\ESC\EthercatFrame.h">
      <Filter>HeaderDateien</Filter>
    </ClInclude>
    <ClInclude Include="..\..\ESC\EthercatPDU.h">
      <Filter>HeaderDateien</Filter>
    </ClInclude>
    <ClInclude Include="..\..\ESC\EthercatPDUData.h">
      <Filter>HeaderDateien</Filter>
    </ClInclude>
    <ClInclude Include="..\..\ESC\OSALAdapter.h">
      <Filter>HeaderDateien</Filter>
    </ClInclude>
    <ClInclude Include="..\..\ESC\OSALAdapterBase.h">
      <Filter>HeaderDateien</Filter>
    </ClInclude>
    <ClInclude Include="..\..\ESC\OSALFileBase.h">
      <Filter>HeaderDateien</Filter>
    </ClInclude>
    <ClInclude Include="..\..\ESC\OSALThreadBase.h">
      <Filter>HeaderDateien</Filter>
    </ClInclude>
    <ClInclude Include="OSALAdapterLinux.h" />
    <ClInclude Include="..\..\ESC\EscTypes.h">
      <Filter>HeaderDateien</Filter>
    </ClInclude>
    <ClInclude Include="OSALThread.h" />
    <ClInclude Include="OSALThreadLinux.h" />
    <ClInclude Include="OSALCriticalSectionBase.h" />
    <ClInclude Include="OSALCriticalSectionLinux.h" />
    <ClInclude Include="EscManager.h" />
    <ClInclude Include="OSALCriticalSection.h">
      <Filter>HeaderDateien</Filter>
    </ClInclude>
    <ClInclude Include="OSALFileLinux.h" />
    <ClInclude Include="OsalFile.h" />
  </ItemGroup>
</Project>